
Microsoft Visual Studio Solution File, Format Version 12.00
# Visual Studio Version 16
VisualStudioVersion = 16.0.30611.23
MinimumVisualStudioVersion = 10.0.40219.1
Project("{FAE04EC0-301F-11D3-BF4B-00C04F79EFBC}") = "game", "game.csproj", "{A41F990F-59AC-490D-BB20-61F90DE46B33}"
EndProject
Project("{FAE04EC0-301F-11D3-BF4B-00C04F79EFBC}") = "WindowsFormsApp1", "..\WindowsFormsApp1\WindowsFormsApp1.csproj", "{729D43EA-2DF2-4961-957E-7F444F9D064F}"
EndProject
Global
	GlobalSection(SolutionConfigurationPlatforms) = preSolution
		Debug|Any CPU = Debug|Any CPU
		Release|Any CPU = Release|Any CPU
	EndGlobalSection
	GlobalSection(ProjectConfigurationPlatforms) = postSolution
		{A41F990F-59AC-490D-BB20-61F90DE46B33}.Debug|Any CPU.ActiveCfg = Debug|Any CPU
		{A41F990F-59AC-490D-BB20-61F90DE46B33}.Debug|Any CPU.Build.0 = Debug|Any CPU
		{A41F990F-59AC-490D-BB20-61F90DE46B33}.Release|Any CPU.ActiveCfg = Release|Any CPU
		{A41F990F-59AC-490D-BB20-61F90DE46B33}.Release|Any CPU.Build.0 = Release|Any CPU
		{729D43EA-2DF2-4961-957E-7F444F9D064F}.Debug|Any CPU.ActiveCfg = Debug|Any CPU
		{729D43EA-2DF2-4961-957E-7F444F9D064F}.Debug|Any CPU.Build.0 = Debug|Any CPU
		{729D43EA-2DF2-4961-957E-7F444F9D064F}.Release|Any CPU.ActiveCfg = Release|Any CPU
		{729D43EA-2DF2-4961-957E-7F444F9D064F}.Release|Any CPU.Build.0 = Release|Any CPU
	EndGlobalSection
	GlobalSection(SolutionProperties) = preSolution
		HideSolutionNode = FALSE
	EndGlobalSection
	GlobalSection(ExtensibilityGlobals) = postSolution
		SolutionGuid = {170C0B32-BF5F-4BD6-BD63-1EED7F6CDE49}
	EndGlobalSection
EndGlobal
